# This file was autogenerated by Stack.
# You should not edit this file by hand.
# For more information, please see the documentation at:
#   https://docs.haskellstack.org/en/stable/topics/lock_files

packages: []
snapshots:
- completed:
    sha256: f0a8c26c47051319c3acc86a8c1020c7ca995a2d454261696777ced26f74b744
    size: 770735
    url: https://raw.githubusercontent.com/commercialhaskell/stackage-snapshots/master/nightly/2026/8/11.yaml
  original: nightly-2026-08-11
